// !$*UTF8*$!
{
	archiveVersion = 1;
	classes = {
	};
	objectVersion = 46;
	objects = {

/* Begin PBXBuildFile section */
		993CB6E01CF238A8008B2BAF /* AppDelegate.swift in Sources */ = {isa = PBXBuildFile; fileRef = 993CB6DF1CF238A8008B2BAF /* AppDelegate.swift */; };
		993CB6E21CF238A8008B2BAF /* FindBooksViewController.swift in Sources */ = {isa = PBXBuildFile; fileRef = 993CB6E11CF238A8008B2BAF /* FindBooksViewController.swift */; };
		993CB6E41CF238A8008B2BAF /* SellBooksViewController.swift in Sources */ = {isa = PBXBuildFile; fileRef = 993CB6E31CF238A8008B2BAF /* SellBooksViewController.swift */; };
		993CB6E71CF238A8008B2BAF /* Main.storyboard in Resources */ = {isa = PBXBuildFile; fileRef = 993CB6E51CF238A8008B2BAF /* Main.storyboard */; };
		993CB6E91CF238A8008B2BAF /* Assets.xcassets in Resources */ = {isa = PBXBuildFile; fileRef = 993CB6E81CF238A8008B2BAF /* Assets.xcassets */; };
		993CB6EC1CF238A8008B2BAF /* LaunchScreen.storyboard in Resources */ = {isa = PBXBuildFile; fileRef = 993CB6EA1CF238A8008B2BAF /* LaunchScreen.storyboard */; };
		993CB6F71CF238A8008B2BAF /* BookShareTests.swift in Sources */ = {isa = PBXBuildFile; fileRef = 993CB6F61CF238A8008B2BAF /* BookShareTests.swift */; };
		993CB7021CF238A8008B2BAF /* BookShareUITests.swift in Sources */ = {isa = PBXBuildFile; fileRef = 993CB7011CF238A8008B2BAF /* BookShareUITests.swift */; };
		993CB7101CF2DFDD008B2BAF /* Book.swift in Sources */ = {isa = PBXBuildFile; fileRef = 993CB70F1CF2DFDD008B2BAF /* Book.swift */; };
		99FA75A01CF5497500B08B7C /* DetailViewController.swift in Sources */ = {isa = PBXBuildFile; fileRef = 99FA759F1CF5497500B08B7C /* DetailViewController.swift */; };
/* End PBXBuildFile section */

/* Begin PBXContainerItemProxy section */
		993CB6F31CF238A8008B2BAF /* PBXContainerItemProxy */ = {
			isa = PBXContainerItemProxy;
			containerPortal = 993CB6D41CF238A8008B2BAF /* Project object */;
			proxyType = 1;
			remoteGlobalIDString = 993CB6DB1CF238A8008B2BAF;
			remoteInfo = BookShare;
		};
		993CB6FE1CF238A8008B2BAF /* PBXContainerItemProxy */ = {
			isa = PBXContainerItemProxy;
			containerPortal = 993CB6D41CF238A8008B2BAF /* Project object */;
			proxyType = 1;
			remoteGlobalIDString = 993CB6DB1CF238A8008B2BAF;
			remoteInfo = BookShare;
		};
/* End PBXContainerItemProxy section */

/* Begin PBXFileReference section */
		993CB6DC1CF238A8008B2BAF /* BookShare.app */ = {isa = PBXFileReference; explicitFileType = wrapper.application; includeInIndex = 0; path = BookShare.app; sourceTree = BUILT_PRODUCTS_DIR; };
		993CB6DF1CF238A8008B2BAF /* AppDelegate.swift */ = {isa = PBXFileReference; lastKnownFileType = sourcecode.swift; path = AppDelegate.swift; sourceTree = "<group>"; };
		993CB6E11CF238A8008B2BAF /* FindBooksViewController.swift */ = {isa = PBXFileReference; lastKnownFileType = sourcecode.swift; path = FindBooksViewController.swift; sourceTree = "<group>"; };
		993CB6E31CF238A8008B2BAF /* SellBooksViewController.swift */ = {isa = PBXFileReference; lastKnownFileType = sourcecode.swift; path = SellBooksViewController.swift; sourceTree = "<group>"; };
		993CB6E61CF238A8008B2BAF /* Base */ = {isa = PBXFileReference; lastKnownFileType = file.storyboard; name = Base; path = Base.lproj/Main.storyboard; sourceTree = "<group>"; };
		993CB6E81CF238A8008B2BAF /* Assets.xcassets */ = {isa = PBXFileReference; lastKnownFileType = folder.assetcatalog; path = Assets.xcassets; sourceTree = "<group>"; };
		993CB6EB1CF238A8008B2BAF /* Base */ = {isa = PBXFileReference; lastKnownFileType = file.storyboard; name = Base; path = Base.lproj/LaunchScreen.storyboard; sourceTree = "<group>"; };
		993CB6ED1CF238A8008B2BAF /* Info.plist */ = {isa = PBXFileReference; lastKnownFileType = text.plist.xml; path = Info.plist; sourceTree = "<group>"; };
		993CB6F21CF238A8008B2BAF /* BookShareTests.xctest */ = {isa = PBXFileReference; explicitFileType = wrapper.cfbundle; includeInIndex = 0; path = BookShareTests.xctest; sourceTree = BUILT_PRODUCTS_DIR; };
		993CB6F61CF238A8008B2BAF /* BookShareTests.swift */ = {isa = PBXFileReference; lastKnownFileType = sourcecode.swift; path = BookShareTests.swift; sourceTree = "<group>"; };
		993CB6F81CF238A8008B2BAF /* Info.plist */ = {isa = PBXFileReference; lastKnownFileType = text.plist.xml; path = Info.plist; sourceTree = "<group>"; };
		993CB6FD1CF238A8008B2BAF /* BookShareUITests.xctest */ = {isa = PBXFileReference; explicitFileType = wrapper.cfbundle; includeInIndex = 0; path = BookShareUITests.xctest; sourceTree = BUILT_PRODUCTS_DIR; };
		993CB7011CF238A8008B2BAF /* BookShareUITests.swift */ = {isa = PBXFileReference; lastKnownFileType = sourcecode.swift; path = BookShareUITests.swift; sourceTree = "<group>"; };
		993CB7031CF238A8008B2BAF /* Info.plist */ = {isa = PBXFileReference; lastKnownFileType = text.plist.xml; path = Info.plist; sourceTree = "<group>"; };
		993CB70F1CF2DFDD008B2BAF /* Book.swift */ = {isa = PBXFileReference; fileEncoding = 4; lastKnownFileType = sourcecode.swift; path = Book.swift; sourceTree = "<group>"; };
		99FA759F1CF5497500B08B7C /* DetailViewController.swift */ = {isa = PBXFileReference; fileEncoding = 4; lastKnownFileType = sourcecode.swift; path = DetailViewController.swift; sourceTree = "<group>"; };
/* End PBXFileReference section */

/* Begin PBXFrameworksBuildPhase section */
		993CB6D91CF238A8008B2BAF /* Frameworks */ = {
			isa = PBXFrameworksBuildPhase;
			buildActionMask = 2147483647;
			files = (
			);
			runOnlyForDeploymentPostprocessing = 0;
		};
		993CB6EF1CF238A8008B2BAF /* Frameworks */ = {
			isa = PBXFrameworksBuildPhase;
			buildActionMask = 2147483647;
			files = (
			);
			runOnlyForDeploymentPostprocessing = 0;
		};
		993CB6FA1CF238A8008B2BAF /* Frameworks */ = {
			isa = PBXFrameworksBuildPhase;
			buildActionMask = 2147483647;
			files = (
			);
			runOnlyForDeploymentPostprocessing = 0;
		};
/* End PBXFrameworksBuildPhase section */

/* Begin PBXGroup section */
		993CB6D31CF238A8008B2BAF = {
			isa = PBXGroup;
			children = (
				993CB6DE1CF238A8008B2BAF /* BookShare */,
				993CB6F51CF238A8008B2BAF /* BookShareTests */,
				993CB7001CF238A8008B2BAF /* BookShareUITests */,
				993CB6DD1CF238A8008B2BAF /* Products */,
			);
			sourceTree = "<group>";
		};
		993CB6DD1CF238A8008B2BAF /* Products */ = {
			isa = PBXGroup;
			children = (
				993CB6DC1CF238A8008B2BAF /* BookShare.app */,
				993CB6F21CF238A8008B2BAF /* BookShareTests.xctest */,
				993CB6FD1CF238A8008B2BAF /* BookShareUITests.xctest */,
			);
			name = Products;
			sourceTree = "<group>";
		};
		993CB6DE1CF238A8008B2BAF /* BookShare */ = {
			isa = PBXGroup;
			children = (
				993CB6DF1CF238A8008B2BAF /* AppDelegate.swift */,
				993CB6E11CF238A8008B2BAF /* FindBooksViewController.swift */,
				99FA759F1CF5497500B08B7C /* DetailViewController.swift */,
				993CB6E31CF238A8008B2BAF /* SellBooksViewController.swift */,
				993CB70F1CF2DFDD008B2BAF /* Book.swift */,
				993CB6E51CF238A8008B2BAF /* Main.storyboard */,
				993CB6E81CF238A8008B2BAF /* Assets.xcassets */,
				993CB6EA1CF238A8008B2BAF /* LaunchScreen.storyboard */,
				993CB6ED1CF238A8008B2BAF /* Info.plist */,
			);
			path = BookShare;
			sourceTree = "<group>";
		};
		993CB6F51CF238A8008B2BAF /* BookShareTests */ = {
			isa = PBXGroup;
			children = (
				993CB6F61CF238A8008B2BAF /* BookShareTests.swift */,
				993CB6F81CF238A8008B2BAF /* Info.plist */,
			);
			path = BookShareTests;
			sourceTree = "<group>";
		};
		993CB7001CF238A8008B2BAF /* BookShareUITests */ = {
			isa = PBXGroup;
			children = (
				993CB7011CF238A8008B2BAF /* BookShareUITests.swift */,
				993CB7031CF238A8008B2BAF /* Info.plist */,
			);
			path = BookShareUITests;
			sourceTree = "<group>";
		};
/* End PBXGroup section */

/* Begin PBXNativeTarget section */
		993CB6DB1CF238A8008B2BAF /* BookShare */ = {
			isa = PBXNativeTarget;
			buildConfigurationList = 993CB7061CF238A8008B2BAF /* Build configuration list for PBXNativeTarget "BookShare" */;
			buildPhases = (
				993CB6D81CF238A8008B2BAF /* Sources */,
				993CB6D91CF238A8008B2BAF /* Frameworks */,
				993CB6DA1CF238A8008B2BAF /* Resources */,
			);
			buildRules = (
			);
			dependencies = (
			);
			name = BookShare;
			productName = BookShare;
			productReference = 993CB6DC1CF238A8008B2BAF /* BookShare.app */;
			productType = "com.apple.product-type.application";
		};
		993CB6F11CF238A8008B2BAF /* BookShareTests */ = {
			isa = PBXNativeTarget;
			buildConfigurationList = 993CB7091CF238A8008B2BAF /* Build configuration list for PBXNativeTarget "BookShareTests" */;
			buildPhases = (
				993CB6EE1CF238A8008B2BAF /* Sources */,
				993CB6EF1CF238A8008B2BAF /* Frameworks */,
				993CB6F01CF238A8008B2BAF /* Resources */,
			);
			buildRules = (
			);
			dependencies = (
				993CB6F41CF238A8008B2BAF /* PBXTargetDependency */,
			);
			name = BookShareTests;
			productName = BookShareTests;
			productReference = 993CB6F21CF238A8008B2BAF /* BookShareTests.xctest */;
			productType = "com.apple.product-type.bundle.unit-test";
		};
		993CB6FC1CF238A8008B2BAF /* BookShareUITests */ = {
			isa = PBXNativeTarget;
			buildConfigurationList = 993CB70C1CF238A8008B2BAF /* Build configuration list for PBXNativeTarget "BookShareUITests" */;
			buildPhases = (
				993CB6F91CF238A8008B2BAF /* Sources */,
				993CB6FA1CF238A8008B2BAF /* Frameworks */,
				993CB6FB1CF238A8008B2BAF /* Resources */,
			);
			buildRules = (
			);
			dependencies = (
				993CB6FF1CF238A8008B2BAF /* PBXTargetDependency */,
			);
			name = BookShareUITests;
			productName = BookShareUITests;
			productReference = 993CB6FD1CF238A8008B2BAF /* BookShareUITests.xctest */;
			productType = "com.apple.product-type.bundle.ui-testing";
		};
/* End PBXNativeTarget section */

/* Begin PBXProject section */
		993CB6D41CF238A8008B2BAF /* Project object */ = {
			isa = PBXProject;
			attributes = {
				LastSwiftUpdateCheck = 0730;
				LastUpgradeCheck = 0730;
				ORGANIZATIONNAME = "Brandon Coll";
				TargetAttributes = {
					993CB6DB1CF238A8008B2BAF = {
						CreatedOnToolsVersion = 7.3.1;
					};
					993CB6F11CF238A8008B2BAF = {
						CreatedOnToolsVersion = 7.3.1;
						TestTargetID = 993CB6DB1CF238A8008B2BAF;
					};
					993CB6FC1CF238A8008B2BAF = {
						CreatedOnToolsVersion = 7.3.1;
						TestTargetID = 993CB6DB1CF238A8008B2BAF;
					};
				};
			};
			buildConfigurationList = 993CB6D71CF238A8008B2BAF /* Build configuration list for PBXProject "BookShare" */;
			compatibilityVersion = "Xcode 3.2";
			developmentRegion = English;
			hasScannedForEncodings = 0;
			knownRegions = (
				en,
				Base,
			);
			mainGroup = 993CB6D31CF238A8008B2BAF;
			productRefGroup = 993CB6DD1CF238A8008B2BAF /* Products */;
			projectDirPath = "";
			projectRoot = "";
			targets = (
				993CB6DB1CF238A8008B2BAF /* BookShare */,
				993CB6F11CF238A8008B2BAF /* BookShareTests */,
				993CB6FC1CF238A8008B2BAF /* BookShareUITests */,
			);
		};
/* End PBXProject section */

/* Begin PBXResourcesBuildPhase section */
		993CB6DA1CF238A8008B2BAF /* Resources */ = {
			isa = PBXResourcesBuildPhase;
			buildActionMask = 2147483647;
			files = (
				993CB6EC1CF238A8008B2BAF /* LaunchScreen.storyboard in Resources */,
				993CB6E91CF238A8008B2BAF /* Assets.xcassets in Resources */,
				993CB6E71CF238A8008B2BAF /* Main.storyboard in Resources */,
			);
			runOnlyForDeploymentPostprocessing = 0;
		};
		993CB6F01CF238A8008B2BAF /* Resources */ = {
			isa = PBXResourcesBuildPhase;
			buildActionMask = 2147483647;
			files = (
			);
			runOnlyForDeploymentPostprocessing = 0;
		};
		993CB6FB1CF238A8008B2BAF /* Resources */ = {
			isa = PBXResourcesBuildPhase;
			buildActionMask = 2147483647;
			files = (
			);
			runOnlyForDeploymentPostprocessing = 0;
		};
/* End PBXResourcesBuildPhase section */

/* Begin PBXSourcesBuildPhase section */
		993CB6D81CF238A8008B2BAF /* Sources */ = {
			isa = PBXSourcesBuildPhase;
			buildActionMask = 2147483647;
			files = (
				993CB7101CF2DFDD008B2BAF /* Book.swift in Sources */,
				993CB6E41CF238A8008B2BAF /* SellBooksViewController.swift in Sources */,
				99FA75A01CF5497500B08B7C /* DetailViewController.swift in Sources */,
				993CB6E01CF238A8008B2BAF /* AppDelegate.swift in Sources */,
				993CB6E21CF238A8008B2BAF /* FindBooksViewController.swift in Sources */,
			);
			runOnlyForDeploymentPostprocessing = 0;
		};
		993CB6EE1CF238A8008B2BAF /* Sources */ = {
			isa = PBXSourcesBuildPhase;
			buildActionMask = 2147483647;
			files = (
				993CB6F71CF238A8008B2BAF /* BookShareTests.swift in Sources */,
			);
			runOnlyForDeploymentPostprocessing = 0;
		};
		993CB6F91CF238A8008B2BAF /* Sources */ = {
			isa = PBXSourcesBuildPhase;
			buildActionMask = 2147483647;
			files = (
				993CB7021CF238A8008B2BAF /* BookShareUITests.swift in Sources */,
			);
			runOnlyForDeploymentPostprocessing = 0;
		};
/* End PBXSourcesBuildPhase section */

/* Begin PBXTargetDependency section */
		993CB6F41CF238A8008B2BAF /* PBXTargetDependency */ = {
			isa = PBXTargetDependency;
			target = 993CB6DB1CF238A8008B2BAF /* BookShare */;
			targetProxy = 993CB6F31CF238A8008B2BAF /* PBXContainerItemProxy */;
		};
		993CB6FF1CF238A8008B2BAF /* PBXTargetDependency */ = {
			isa = PBXTargetDependency;
			target = 993CB6DB1CF238A8008B2BAF /* BookShare */;
			targetProxy = 993CB6FE1CF238A8008B2BAF /* PBXContainerItemProxy */;
		};
/* End PBXTargetDependency section */

/* Begin PBXVariantGroup section */
		993CB6E51CF238A8008B2BAF /* Main.storyboard */ = {
			isa = PBXVariantGroup;
			children = (
				993CB6E61CF238A8008B2BAF /* Base */,
			);
			name = Main.storyboard;
			sourceTree = "<group>";
		};
		993CB6EA1CF238A8008B2BAF /* LaunchScreen.storyboard */ = {
			isa = PBXVariantGroup;
			children = (
				993CB6EB1CF238A8008B2BAF /* Base */,
			);
			name = LaunchScreen.storyboard;
			sourceTree = "<group>";
		};
/* End PBXVariantGroup section */

/* Begin XCBuildConfiguration section */
		993CB7041CF238A8008B2BAF /* Debug */ = {
			isa = XCBuildConfiguration;
			buildSettings = {
				ALWAYS_SEARCH_USER_PATHS = NO;
				CLANG_ANALYZER_NONNULL = YES;
				CLANG_CXX_LANGUAGE_STANDARD = "gnu++0x";
				CLANG_CXX_LIBRARY = "libc++";
				CLANG_ENABLE_MODULES = YES;
				CLANG_ENABLE_OBJC_ARC = YES;
				CLANG_WARN_BOOL_CONVERSION = YES;
				CLANG_WARN_CONSTANT_CONVERSION = YES;
				CLANG_WARN_DIRECT_OBJC_ISA_USAGE = YES_ERROR;
				CLANG_WARN_EMPTY_BODY = YES;
				CLANG_WARN_ENUM_CONVERSION = YES;
				CLANG_WARN_INT_CONVERSION = YES;
				CLANG_WARN_OBJC_ROOT_CLASS = YES_ERROR;
				CLANG_WARN_UNREACHABLE_CODE = YES;
				CLANG_WARN__DUPLICATE_METHOD_MATCH = YES;
				"CODE_SIGN_IDENTITY[sdk=iphoneos*]" = "iPhone Developer";
				COPY_PHASE_STRIP = NO;
				DEBUG_INFORMATION_FORMAT = dwarf;
				ENABLE_STRICT_OBJC_MSGSEND = YES;
				ENABLE_TESTABILITY = YES;
				GCC_C_LANGUAGE_STANDARD = gnu99;
				GCC_DYNAMIC_NO_PIC = NO;
				GCC_NO_COMMON_BLOCKS = YES;
				GCC_OPTIMIZATION_LEVEL = 0;
				GCC_PREPROCESSOR_DEFINITIONS = (
					"DEBUG=1",
					"$(inherited)",
				);
				GCC_WARN_64_TO_32_BIT_CONVERSION = YES;
				GCC_WARN_ABOUT_RETURN_TYPE = YES_ERROR;
				GCC_WARN_UNDECLARED_SELECTOR = YES;
				GCC_WARN_UNINITIALIZED_AUTOS = YES_AGGRESSIVE;
				GCC_WARN_UNUSED_FUNCTION = YES;
				GCC_WARN_UNUSED_VARIABLE = YES;
				IPHONEOS_DEPLOYMENT_TARGET = 9.3;
				MTL_ENABLE_DEBUG_INFO = YES;
				ONLY_ACTIVE_ARCH = YES;
				SDKROOT = iphoneos;
				SWIFT_OPTIMIZATION_LEVEL = "-Onone";
				TARGETED_DEVICE_FAMILY = "1,2";
			};
			name = Debug;
		};
		993CB7051CF238A8008B2BAF /* Release */ = {
			isa = XCBuildConfiguration;
			buildSettings = {
				ALWAYS_SEARCH_USER_PATHS = NO;
				CLANG_ANALYZER_NONNULL = YES;
				CLANG_CXX_LANGUAGE_STANDARD = "gnu++0x";
				CLANG_CXX_LIBRARY = "libc++";
				CLANG_ENABLE_MODULES = YES;
				CLANG_ENABLE_OBJC_ARC = YES;
				CLANG_WARN_BOOL_CONVERSION = YES;
				CLANG_WARN_CONSTANT_CONVERSION = YES;
				CLANG_WARN_DIRECT_OBJC_ISA_USAGE = YES_ERROR;
				CLANG_WARN_EMPTY_BODY = YES;
				CLANG_WARN_ENUM_CONVERSION = YES;
				CLANG_WARN_INT_CONVERSION = YES;
				CLANG_WARN_OBJC_ROOT_CLASS = YES_ERROR;
				CLANG_WARN_UNREACHABLE_CODE = YES;
				CLANG_WARN__DUPLICATE_METHOD_MATCH = YES;
				"CODE_SIGN_IDENTITY[sdk=iphoneos*]" = "iPhone Developer";
				COPY_PHASE_STRIP = NO;
				DEBUG_INFORMATION_FORMAT = "dwarf-with-dsym";
				ENABLE_NS_ASSERTIONS = NO;
				ENABLE_STRICT_OBJC_MSGSEND = YES;
				GCC_C_LANGUAGE_STANDARD = gnu99;
				GCC_NO_COMMON_BLOCKS = YES;
				GCC_WARN_64_TO_32_BIT_CONVERSION = YES;
				GCC_WARN_ABOUT_RETURN_TYPE = YES_ERROR;
				GCC_WARN_UNDECLARED_SELECTOR = YES;
				GCC_WARN_UNINITIALIZED_AUTOS = YES_AGGRESSIVE;
				GCC_WARN_UNUSED_FUNCTION = YES;
				GCC_WARN_UNUSED_VARIABLE = YES;
				IPHONEOS_DEPLOYMENT_TARGET = 9.3;
				MTL_ENABLE_DEBUG_INFO = NO;
				SDKROOT = iphoneos;
				TARGETED_DEVICE_FAMILY = "1,2";
				VALIDATE_PRODUCT = YES;
			};
			name = Release;
		};
		993CB7071CF238A8008B2BAF /* Debug */ = {
			isa = XCBuildConfiguration;
			buildSettings = {
				ASSETCATALOG_COMPILER_APPICON_NAME = AppIcon;
				INFOPLIST_FILE = BookShare/Info.plist;
				LD_RUNPATH_SEARCH_PATHS = "$(inherited) @executable_path/Frameworks";
				PRODUCT_BUNDLE_IDENTIFIER = com.brandoncoll.BookShare;
				PRODUCT_NAME = "$(TARGET_NAME)";
			};
			name = Debug;
		};
		993CB7081CF238A8008B2BAF /* Release */ = {
			isa = XCBuildConfiguration;
			buildSettings = {
				ASSETCATALOG_COMPILER_APPICON_NAME = AppIcon;
				INFOPLIST_FILE = BookShare/Info.plist;
				LD_RUNPATH_SEARCH_PATHS = "$(inherited) @executable_path/Frameworks";
				PRODUCT_BUNDLE_IDENTIFIER = com.brandoncoll.BookShare;
				PRODUCT_NAME = "$(TARGET_NAME)";
			};
			name = Release;
		};
		993CB70A1CF238A8008B2BAF /* Debug */ = {
			isa = XCBuildConfiguration;
			buildSettings = {
				BUNDLE_LOADER = "$(TEST_HOST)";
				INFOPLIST_FILE = BookShareTests/Info.plist;
				LD_RUNPATH_SEARCH_PATHS = "$(inherited) @executable_path/Frameworks @loader_path/Frameworks";
				PRODUCT_BUNDLE_IDENTIFIER = com.brandoncoll.BookShareTests;
				PRODUCT_NAME = "$(TARGET_NAME)";
				TEST_HOST = "$(BUILT_PRODUCTS_DIR)/BookShare.app/BookShare";
			};
			name = Debug;
		};
		993CB70B1CF238A8008B2BAF /* Release */ = {
			isa = XCBuildConfiguration;
			buildSettings = {
				BUNDLE_LOADER = "$(TEST_HOST)";
				INFOPLIST_FILE = BookShareTests/Info.plist;
				LD_RUNPATH_SEARCH_PATHS = "$(inherited) @executable_path/Frameworks @loader_path/Frameworks";
				PRODUCT_BUNDLE_IDENTIFIER = com.brandoncoll.BookShareTests;
				PRODUCT_NAME = "$(TARGET_NAME)";
				TEST_HOST = "$(BUILT_PRODUCTS_DIR)/BookShare.app/BookShare";
			};
			name = Release;
		};
		993CB70D1CF238A8008B2BAF /* Debug */ = {
			isa = XCBuildConfiguration;
			buildSettings = {
				INFOPLIST_FILE = BookShareUITests/Info.plist;
				LD_RUNPATH_SEARCH_PATHS = "$(inherited) @executable_path/Frameworks @loader_path/Frameworks";
				PRODUCT_BUNDLE_IDENTIFIER = com.brandoncoll.BookShareUITests;
				PRODUCT_NAME = "$(TARGET_NAME)";
				TEST_TARGET_NAME = BookShare;
			};
			name = Debug;
		};
		993CB70E1CF238A8008B2BAF /* Release */ = {
			isa = XCBuildConfiguration;
			buildSettings = {
				INFOPLIST_FILE = BookShareUITests/Info.plist;
				LD_RUNPATH_SEARCH_PATHS = "$(inherited) @executable_path/Frameworks @loader_path/Frameworks";
				PRODUCT_BUNDLE_IDENTIFIER = com.brandoncoll.BookShareUITests;
				PRODUCT_NAME = "$(TARGET_NAME)";
				TEST_TARGET_NAME = BookShare;
			};
			name = Release;
		};
/* End XCBuildConfiguration section */

/* Begin XCConfigurationList section */
		993CB6D71CF238A8008B2BAF /* Build configuration list for PBXProject "BookShare" */ = {
			isa = XCConfigurationList;
			buildConfigurations = (
				993CB7041CF238A8008B2BAF /* Debug */,
				993CB7051CF238A8008B2BAF /* Release */,
			);
			defaultConfigurationIsVisible = 0;
			defaultConfigurationName = Release;
		};
		993CB7061CF238A8008B2BAF /* Build configuration list for PBXNativeTarget "BookShare" */ = {
			isa = XCConfigurationList;
			buildConfigurations = (
				993CB7071CF238A8008B2BAF /* Debug */,
				993CB7081CF238A8008B2BAF /* Release */,
			);
			defaultConfigurationIsVisible = 0;
			defaultConfigurationName = Release;
		};
		993CB7091CF238A8008B2BAF /* Build configuration list for PBXNativeTarget "BookShareTests" */ = {
			isa = XCConfigurationList;
			buildConfigurations = (
				993CB70A1CF238A8008B2BAF /* Debug */,
				993CB70B1CF238A8008B2BAF /* Release */,
			);
			defaultConfigurationIsVisible = 0;
			defaultConfigurationName = Release;
		};
		993CB70C1CF238A8008B2BAF /* Build configuration list for PBXNativeTarget "BookShareUITests" */ = {
			isa = XCConfigurationList;
			buildConfigurations = (
				993CB70D1CF238A8008B2BAF /* Debug */,
				993CB70E1CF238A8008B2BAF /* Release */,
			);
			defaultConfigurationIsVisible = 0;
			defaultConfigurationName = Release;
		};
/* End XCConfigurationList section */
	};
	rootObject = 993CB6D41CF238A8008B2BAF /* Project object */;
}
